
Microsoft Visual Studio Solution File, Format Version 12.00
# Visual Studio Version 16
VisualStudioVersion = 16.0.29920.165
MinimumVisualStudioVersion = 10.0.40219.1
Project("{FAE04EC0-301F-11D3-BF4B-00C04F79EFBC}") = "Csharp_Task2", "Csharp_Task2\Csharp_Task2.csproj", "{CD986035-ED26-4B91-9A34-AA08BFEE2EFC}"
EndProject
Global
	GlobalSection(SolutionConfigurationPlatforms) = preSolution
		Debug|Any CPU = Debug|Any CPU
		Release|Any CPU = Release|Any CPU
	EndGlobalSection
	GlobalSection(ProjectConfigurationPlatforms) = postSolution
		{CD986035-ED26-4B91-9A34-AA08BFEE2EFC}.Debug|Any CPU.ActiveCfg = Debug|Any CPU
		{CD986035-ED26-4B91-9A34-AA08BFEE2EFC}.Debug|Any CPU.Build.0 = Debug|Any CPU
		{CD986035-ED26-4B91-9A34-AA08BFEE2EFC}.Release|Any CPU.ActiveCfg = Release|Any CPU
		{CD986035-ED26-4B91-9A34-AA08BFEE2EFC}.Release|Any CPU.Build.0 = Release|Any CPU
	EndGlobalSection
	GlobalSection(SolutionProperties) = preSolution
		HideSolutionNode = FALSE
	EndGlobalSection
	GlobalSection(ExtensibilityGlobals) = postSolution
		SolutionGuid = {ACAC4DF0-4B0E-42E1-BE85-1DB976A0B137}
	EndGlobalSection
EndGlobal
